
Microsoft Visual Studio Solution File, Format Version 12.00
# Visual Studio Version 16
VisualStudioVersion = 16.0.28729.10
MinimumVisualStudioVersion = 10.0.40219.1
Project("{FAE04EC0-301F-11D3-BF4B-00C04F79EFBC}") = "Tanka.GraphQL.Sample.Chat.Client.Wpf", "tanka-graphql-sample-chat-wpf\Tanka.GraphQL.Sample.Chat.Client.Wpf.csproj", "{5386679A-9C94-4F7F-BF92-510AF3AD1198}"
EndProject
Project("{9A19103F-16F7-4668-BE54-9A1E7A4F7556}") = "Tanka.GraphQL.Sample.Chat.Client.Shared", "tanka-graphql-sample-chat-client-shared\Tanka.GraphQL.Sample.Chat.Client.Shared.csproj", "{11F51422-DCC1-4D2C-8524-96F6BA6092BF}"
EndProject
Project("{2150E333-8FDC-42A3-9474-1A3956D46DE8}") = "Tanka.GraphQL.Net.Client", "Tanka.GraphQL.Net.Client", "{BD923A80-A8D4-4670-AFAF-D48DBB6E0271}"
EndProject
Project("{9A19103F-16F7-4668-BE54-9A1E7A4F7556}") = "Tanka.GraphQL.Net.Client", "..\src\tanka-graphql-net-client\Tanka.GraphQL.Net.Client.csproj", "{C19A273C-342A-44BB-BF5E-F8F0E417FE6D}"
EndProject
Project("{9A19103F-16F7-4668-BE54-9A1E7A4F7556}") = "Tanka.GraphQL.Sample.Chat.Client.Console", "tanka-graphql-sample-chat-console\Tanka.GraphQL.Sample.Chat.Client.Console.csproj", "{64F3343C-C42E-44F9-8BF1-5AE8EBD5169D}"
EndProject
Global
	GlobalSection(SolutionConfigurationPlatforms) = preSolution
		Debug|Any CPU = Debug|Any CPU
		Release|Any CPU = Release|Any CPU
	EndGlobalSection
	GlobalSection(ProjectConfigurationPlatforms) = postSolution
		{5386679A-9C94-4F7F-BF92-510AF3AD1198}.Debug|Any CPU.ActiveCfg = Debug|Any CPU
		{5386679A-9C94-4F7F-BF92-510AF3AD1198}.Debug|Any CPU.Build.0 = Debug|Any CPU
		{5386679A-9C94-4F7F-BF92-510AF3AD1198}.Release|Any CPU.ActiveCfg = Release|Any CPU
		{5386679A-9C94-4F7F-BF92-510AF3AD1198}.Release|Any CPU.Build.0 = Release|Any CPU
		{11F51422-DCC1-4D2C-8524-96F6BA6092BF}.Debug|Any CPU.ActiveCfg = Debug|Any CPU
		{11F51422-DCC1-4D2C-8524-96F6BA6092BF}.Debug|Any CPU.Build.0 = Debug|Any CPU
		{11F51422-DCC1-4D2C-8524-96F6BA6092BF}.Release|Any CPU.ActiveCfg = Release|Any CPU
		{11F51422-DCC1-4D2C-8524-96F6BA6092BF}.Release|Any CPU.Build.0 = Release|Any CPU
		{C19A273C-342A-44BB-BF5E-F8F0E417FE6D}.Debug|Any CPU.ActiveCfg = Debug|Any CPU
		{C19A273C-342A-44BB-BF5E-F8F0E417FE6D}.Debug|Any CPU.Build.0 = Debug|Any CPU
		{C19A273C-342A-44BB-BF5E-F8F0E417FE6D}.Release|Any CPU.ActiveCfg = Release|Any CPU
		{C19A273C-342A-44BB-BF5E-F8F0E417FE6D}.Release|Any CPU.Build.0 = Release|Any CPU
		{64F3343C-C42E-44F9-8BF1-5AE8EBD5169D}.Debug|Any CPU.ActiveCfg = Debug|Any CPU
		{64F3343C-C42E-44F9-8BF1-5AE8EBD5169D}.Debug|Any CPU.Build.0 = Debug|Any CPU
		{64F3343C-C42E-44F9-8BF1-5AE8EBD5169D}.Release|Any CPU.ActiveCfg = Release|Any CPU
		{64F3343C-C42E-44F9-8BF1-5AE8EBD5169D}.Release|Any CPU.Build.0 = Release|Any CPU
	EndGlobalSection
	GlobalSection(SolutionProperties) = preSolution
		HideSolutionNode = FALSE
	EndGlobalSection
	GlobalSection(NestedProjects) = preSolution
		{C19A273C-342A-44BB-BF5E-F8F0E417FE6D} = {BD923A80-A8D4-4670-AFAF-D48DBB6E0271}
	EndGlobalSection
	GlobalSection(ExtensibilityGlobals) = postSolution
		SolutionGuid = {8FEB8473-7949-45CD-A99A-619665339D66}
	EndGlobalSection
EndGlobal
