
Microsoft Visual Studio Solution File, Format Version 12.00
# Visual Studio 15
VisualStudioVersion = 15.0.28307.136
MinimumVisualStudioVersion = 10.0.40219.1
Project("{FAE04EC0-301F-11D3-BF4B-00C04F79EFBC}") = "Tanka.GraphQL.Net.Client", "tanka-graphql-net-client\Tanka.GraphQL.Net.Client.csproj", "{A8E57C25-6423-4176-B896-4FE709DD7671}"
EndProject
Global
	GlobalSection(SolutionConfigurationPlatforms) = preSolution
		Debug|Any CPU = Debug|Any CPU
		Release|Any CPU = Release|Any CPU
	EndGlobalSection
	GlobalSection(ProjectConfigurationPlatforms) = postSolution
		{A8E57C25-6423-4176-B896-4FE709DD7671}.Debug|Any CPU.ActiveCfg = Debug|Any CPU
		{A8E57C25-6423-4176-B896-4FE709DD7671}.Debug|Any CPU.Build.0 = Debug|Any CPU
		{A8E57C25-6423-4176-B896-4FE709DD7671}.Release|Any CPU.ActiveCfg = Release|Any CPU
		{A8E57C25-6423-4176-B896-4FE709DD7671}.Release|Any CPU.Build.0 = Release|Any CPU
	EndGlobalSection
	GlobalSection(SolutionProperties) = preSolution
		HideSolutionNode = FALSE
	EndGlobalSection
	GlobalSection(ExtensibilityGlobals) = postSolution
		SolutionGuid = {781A2831-E784-4B0C-A296-B18D520FE469}
	EndGlobalSection
EndGlobal
